// !$*UTF8*$!
{
	archiveVersion = 1;
	classes = {
	};
	objectVersion = 46;
	objects = {

/* Begin PBXBuildFile section */
		3B643BC01B31EF5A00E404B0 /* main.m in Sources */ = {isa = PBXBuildFile; fileRef = 3B643BBF1B31EF5A00E404B0 /* main.m */; };
		3B643BC31B31EF5A00E404B0 /* AppDelegate.m in Sources */ = {isa = PBXBuildFile; fileRef = 3B643BC21B31EF5A00E404B0 /* AppDelegate.m */; };
		3B643BC61B31EF5A00E404B0 /* MasterViewController.m in Sources */ = {isa = PBXBuildFile; fileRef = 3B643BC51B31EF5A00E404B0 /* MasterViewController.m */; };
		3B643BC91B31EF5A00E404B0 /* DetailViewController.m in Sources */ = {isa = PBXBuildFile; fileRef = 3B643BC81B31EF5A00E404B0 /* DetailViewController.m */; };
		3B643BCC1B31EF5A00E404B0 /* Main.storyboard in Resources */ = {isa = PBXBuildFile; fileRef = 3B643BCA1B31EF5A00E404B0 /* Main.storyboard */; };
		3B643BCE1B31EF5A00E404B0 /* Images.xcassets in Resources */ = {isa = PBXBuildFile; fileRef = 3B643BCD1B31EF5A00E404B0 /* Images.xcassets */; };
		3B643BD11B31EF5A00E404B0 /* LaunchScreen.xib in Resources */ = {isa = PBXBuildFile; fileRef = 3B643BCF1B31EF5A00E404B0 /* LaunchScreen.xib */; };
		3B643BDD1B31EF5A00E404B0 /* Iot_MagicMomentsTests.m in Sources */ = {isa = PBXBuildFile; fileRef = 3B643BDC1B31EF5A00E404B0 /* Iot_MagicMomentsTests.m */; };
		3B643BE91B31F18800E404B0 /* Security.framework in Frameworks */ = {isa = PBXBuildFile; fileRef = 3B643BE81B31F18800E404B0 /* Security.framework */; };
		3B643BEB1B31F19200E404B0 /* SystemConfiguration.framework in Frameworks */ = {isa = PBXBuildFile; fileRef = 3B643BEA1B31F19200E404B0 /* SystemConfiguration.framework */; };
		3B643BED1B31F1AB00E404B0 /* MobileCoreServices.framework in Frameworks */ = {isa = PBXBuildFile; fileRef = 3B643BEC1B31F1AB00E404B0 /* MobileCoreServices.framework */; };
		3B643BEF1B31F1BE00E404B0 /* CFNetwork.framework in Frameworks */ = {isa = PBXBuildFile; fileRef = 3B643BEE1B31F1BE00E404B0 /* CFNetwork.framework */; };
		3B643BF11B31F1C800E404B0 /* CoreData.framework in Frameworks */ = {isa = PBXBuildFile; fileRef = 3B643BF01B31F1C800E404B0 /* CoreData.framework */; };
		CD516E8ECEB980AFB333719E /* libPods.a in Frameworks */ = {isa = PBXBuildFile; fileRef = F3E138A5F89B713AC2866D50 /* libPods.a */; };
/* End PBXBuildFile section */

/* Begin PBXContainerItemProxy section */
		3B643BD71B31EF5A00E404B0 /* PBXContainerItemProxy */ = {
			isa = PBXContainerItemProxy;
			containerPortal = 3B643BB21B31EF5A00E404B0 /* Project object */;
			proxyType = 1;
			remoteGlobalIDString = 3B643BB91B31EF5A00E404B0;
			remoteInfo = Iot_MagicMoments;
		};
/* End PBXContainerItemProxy section */

/* Begin PBXFileReference section */
		3B643BBA1B31EF5A00E404B0 /* IoT_MagicMoments.temp_caseinsensitive_rename.app */ = {isa = PBXFileReference; explicitFileType = wrapper.application; includeInIndex = 0; path = IoT_MagicMoments.temp_caseinsensitive_rename.app; sourceTree = BUILT_PRODUCTS_DIR; };
		3B643BBE1B31EF5A00E404B0 /* Info.plist */ = {isa = PBXFileReference; lastKnownFileType = text.plist.xml; path = Info.plist; sourceTree = "<group>"; };
		3B643BBF1B31EF5A00E404B0 /* main.m */ = {isa = PBXFileReference; lastKnownFileType = sourcecode.c.objc; path = main.m; sourceTree = "<group>"; };
		3B643BC11B31EF5A00E404B0 /* AppDelegate.h */ = {isa = PBXFileReference; lastKnownFileType = sourcecode.c.h; path = AppDelegate.h; sourceTree = "<group>"; };
		3B643BC21B31EF5A00E404B0 /* AppDelegate.m */ = {isa = PBXFileReference; lastKnownFileType = sourcecode.c.objc; path = AppDelegate.m; sourceTree = "<group>"; };
		3B643BC41B31EF5A00E404B0 /* MasterViewController.h */ = {isa = PBXFileReference; lastKnownFileType = sourcecode.c.h; path = MasterViewController.h; sourceTree = "<group>"; };
		3B643BC51B31EF5A00E404B0 /* MasterViewController.m */ = {isa = PBXFileReference; lastKnownFileType = sourcecode.c.objc; path = MasterViewController.m; sourceTree = "<group>"; };
		3B643BC71B31EF5A00E404B0 /* DetailViewController.h */ = {isa = PBXFileReference; lastKnownFileType = sourcecode.c.h; path = DetailViewController.h; sourceTree = "<group>"; };
		3B643BC81B31EF5A00E404B0 /* DetailViewController.m */ = {isa = PBXFileReference; lastKnownFileType = sourcecode.c.objc; path = DetailViewController.m; sourceTree = "<group>"; };
		3B643BCB1B31EF5A00E404B0 /* Base */ = {isa = PBXFileReference; lastKnownFileType = file.storyboard; name = Base; path = Base.lproj/Main.storyboard; sourceTree = "<group>"; };
		3B643BCD1B31EF5A00E404B0 /* Images.xcassets */ = {isa = PBXFileReference; lastKnownFileType = folder.assetcatalog; path = Images.xcassets; sourceTree = "<group>"; };
		3B643BD01B31EF5A00E404B0 /* Base */ = {isa = PBXFileReference; lastKnownFileType = file.xib; name = Base; path = Base.lproj/LaunchScreen.xib; sourceTree = "<group>"; };
		3B643BD61B31EF5A00E404B0 /* IoT_MagicMoments.temp_caseinsensitive_renameTests.xctest */ = {isa = PBXFileReference; explicitFileType = wrapper.cfbundle; includeInIndex = 0; path = IoT_MagicMoments.temp_caseinsensitive_renameTests.xctest; sourceTree = BUILT_PRODUCTS_DIR; };
		3B643BDB1B31EF5A00E404B0 /* Info.plist */ = {isa = PBXFileReference; lastKnownFileType = text.plist.xml; path = Info.plist; sourceTree = "<group>"; };
		3B643BDC1B31EF5A00E404B0 /* Iot_MagicMomentsTests.m */ = {isa = PBXFileReference; lastKnownFileType = sourcecode.c.objc; path = Iot_MagicMomentsTests.m; sourceTree = "<group>"; };
		3B643BE61B31F12B00E404B0 /* libPods-RestKit.a */ = {isa = PBXFileReference; lastKnownFileType = archive.ar; name = "libPods-RestKit.a"; path = "Pods/../build/Debug-iphoneos/libPods-RestKit.a"; sourceTree = "<group>"; };
		3B643BE81B31F18800E404B0 /* Security.framework */ = {isa = PBXFileReference; lastKnownFileType = wrapper.framework; name = Security.framework; path = System/Library/Frameworks/Security.framework; sourceTree = SDKROOT; };
		3B643BEA1B31F19200E404B0 /* SystemConfiguration.framework */ = {isa = PBXFileReference; lastKnownFileType = wrapper.framework; name = SystemConfiguration.framework; path = System/Library/Frameworks/SystemConfiguration.framework; sourceTree = SDKROOT; };
		3B643BEC1B31F1AB00E404B0 /* MobileCoreServices.framework */ = {isa = PBXFileReference; lastKnownFileType = wrapper.framework; name = MobileCoreServices.framework; path = System/Library/Frameworks/MobileCoreServices.framework; sourceTree = SDKROOT; };
		3B643BEE1B31F1BE00E404B0 /* CFNetwork.framework */ = {isa = PBXFileReference; lastKnownFileType = wrapper.framework; name = CFNetwork.framework; path = System/Library/Frameworks/CFNetwork.framework; sourceTree = SDKROOT; };
		3B643BF01B31F1C800E404B0 /* CoreData.framework */ = {isa = PBXFileReference; lastKnownFileType = wrapper.framework; name = CoreData.framework; path = System/Library/Frameworks/CoreData.framework; sourceTree = SDKROOT; };
		585473248B56B6BD3846E367 /* Pods.debug.xcconfig */ = {isa = PBXFileReference; includeInIndex = 1; lastKnownFileType = text.xcconfig; name = Pods.debug.xcconfig; path = "Pods/Target Support Files/Pods/Pods.debug.xcconfig"; sourceTree = "<group>"; };
		DC4CE9B71EE46705D2A98D16 /* Pods.release.xcconfig */ = {isa = PBXFileReference; includeInIndex = 1; lastKnownFileType = text.xcconfig; name = Pods.release.xcconfig; path = "Pods/Target Support Files/Pods/Pods.release.xcconfig"; sourceTree = "<group>"; };
		F3E138A5F89B713AC2866D50 /* libPods.a */ = {isa = PBXFileReference; explicitFileType = archive.ar; includeInIndex = 0; path = libPods.a; sourceTree = BUILT_PRODUCTS_DIR; };
/* End PBXFileReference section */

/* Begin PBXFrameworksBuildPhase section */
		3B643BB71B31EF5A00E404B0 /* Frameworks */ = {
			isa = PBXFrameworksBuildPhase;
			buildActionMask = 2147483647;
			files = (
				3B643BF11B31F1C800E404B0 /* CoreData.framework in Frameworks */,
				3B643BEF1B31F1BE00E404B0 /* CFNetwork.framework in Frameworks */,
				3B643BED1B31F1AB00E404B0 /* MobileCoreServices.framework in Frameworks */,
				3B643BEB1B31F19200E404B0 /* SystemConfiguration.framework in Frameworks */,
				3B643BE91B31F18800E404B0 /* Security.framework in Frameworks */,
				CD516E8ECEB980AFB333719E /* libPods.a in Frameworks */,
			);
			runOnlyForDeploymentPostprocessing = 0;
		};
		3B643BD31B31EF5A00E404B0 /* Frameworks */ = {
			isa = PBXFrameworksBuildPhase;
			buildActionMask = 2147483647;
			files = (
			);
			runOnlyForDeploymentPostprocessing = 0;
		};
/* End PBXFrameworksBuildPhase section */

/* Begin PBXGroup section */
		16B2E3433B0AB9A62FF3A0E3 /* Frameworks */ = {
			isa = PBXGroup;
			children = (
				3B643BF01B31F1C800E404B0 /* CoreData.framework */,
				3B643BEE1B31F1BE00E404B0 /* CFNetwork.framework */,
				3B643BEC1B31F1AB00E404B0 /* MobileCoreServices.framework */,
				3B643BEA1B31F19200E404B0 /* SystemConfiguration.framework */,
				3B643BE81B31F18800E404B0 /* Security.framework */,
				3B643BE61B31F12B00E404B0 /* libPods-RestKit.a */,
				F3E138A5F89B713AC2866D50 /* libPods.a */,
			);
			name = Frameworks;
			sourceTree = "<group>";
		};
		3B643BB11B31EF5A00E404B0 = {
			isa = PBXGroup;
			children = (
				3B643BBC1B31EF5A00E404B0 /* IoT_MagicMoments */,
				3B643BD91B31EF5A00E404B0 /* IoT_MagicMomentsTests */,
				3B643BBB1B31EF5A00E404B0 /* Products */,
				6BB918F13CF6B9D8631E681F /* Pods */,
				16B2E3433B0AB9A62FF3A0E3 /* Frameworks */,
			);
			sourceTree = "<group>";
		};
		3B643BBB1B31EF5A00E404B0 /* Products */ = {
			isa = PBXGroup;
			children = (
				3B643BBA1B31EF5A00E404B0 /* IoT_MagicMoments.temp_caseinsensitive_rename.app */,
				3B643BD61B31EF5A00E404B0 /* IoT_MagicMoments.temp_caseinsensitive_renameTests.xctest */,
			);
			name = Products;
			sourceTree = "<group>";
		};
		3B643BBC1B31EF5A00E404B0 /* IoT_MagicMoments */ = {
			isa = PBXGroup;
			children = (
				3B643BC11B31EF5A00E404B0 /* AppDelegate.h */,
				3B643BC21B31EF5A00E404B0 /* AppDelegate.m */,
				3B643BC41B31EF5A00E404B0 /* MasterViewController.h */,
				3B643BC51B31EF5A00E404B0 /* MasterViewController.m */,
				3B643BC71B31EF5A00E404B0 /* DetailViewController.h */,
				3B643BC81B31EF5A00E404B0 /* DetailViewController.m */,
				3B643BCA1B31EF5A00E404B0 /* Main.storyboard */,
				3B643BCD1B31EF5A00E404B0 /* Images.xcassets */,
				3B643BCF1B31EF5A00E404B0 /* LaunchScreen.xib */,
				3B643BBD1B31EF5A00E404B0 /* Supporting Files */,
			);
			name = IoT_MagicMoments;
			path = Iot_MagicMoments;
			sourceTree = "<group>";
		};
		3B643BBD1B31EF5A00E404B0 /* Supporting Files */ = {
			isa = PBXGroup;
			children = (
				3B643BBE1B31EF5A00E404B0 /* Info.plist */,
				3B643BBF1B31EF5A00E404B0 /* main.m */,
			);
			name = "Supporting Files";
			sourceTree = "<group>";
		};
		3B643BD91B31EF5A00E404B0 /* IoT_MagicMomentsTests */ = {
			isa = PBXGroup;
			children = (
				3B643BDC1B31EF5A00E404B0 /* Iot_MagicMomentsTests.m */,
				3B643BDA1B31EF5A00E404B0 /* Supporting Files */,
			);
			name = IoT_MagicMomentsTests;
			path = Iot_MagicMomentsTests;
			sourceTree = "<group>";
		};
		3B643BDA1B31EF5A00E404B0 /* Supporting Files */ = {
			isa = PBXGroup;
			children = (
				3B643BDB1B31EF5A00E404B0 /* Info.plist */,
			);
			name = "Supporting Files";
			sourceTree = "<group>";
		};
		6BB918F13CF6B9D8631E681F /* Pods */ = {
			isa = PBXGroup;
			children = (
				585473248B56B6BD3846E367 /* Pods.debug.xcconfig */,
				DC4CE9B71EE46705D2A98D16 /* Pods.release.xcconfig */,
			);
			name = Pods;
			sourceTree = "<group>";
		};
/* End PBXGroup section */

/* Begin PBXNativeTarget section */
		3B643BB91B31EF5A00E404B0 /* IoT_MagicMoments.temp_caseinsensitive_rename */ = {
			isa = PBXNativeTarget;
			buildConfigurationList = 3B643BE01B31EF5A00E404B0 /* Build configuration list for PBXNativeTarget "IoT_MagicMoments.temp_caseinsensitive_rename" */;
			buildPhases = (
				4C5FD0BD8A17CA38D42F3D4D /* Check Pods Manifest.lock */,
				3B643BB61B31EF5A00E404B0 /* Sources */,
				3B643BB71B31EF5A00E404B0 /* Frameworks */,
				3B643BB81B31EF5A00E404B0 /* Resources */,
				8523DC009B53FD4BD2BC7E00 /* Copy Pods Resources */,
			);
			buildRules = (
			);
			dependencies = (
			);
			name = IoT_MagicMoments.temp_caseinsensitive_rename;
			productName = Iot_MagicMoments;
			productReference = 3B643BBA1B31EF5A00E404B0 /* IoT_MagicMoments.temp_caseinsensitive_rename.app */;
			productType = "com.apple.product-type.application";
		};
		3B643BD51B31EF5A00E404B0 /* IoT_MagicMoments.temp_caseinsensitive_renameTests */ = {
			isa = PBXNativeTarget;
			buildConfigurationList = 3B643BE31B31EF5A00E404B0 /* Build configuration list for PBXNativeTarget "IoT_MagicMoments.temp_caseinsensitive_renameTests" */;
			buildPhases = (
				3B643BD21B31EF5A00E404B0 /* Sources */,
				3B643BD31B31EF5A00E404B0 /* Frameworks */,
				3B643BD41B31EF5A00E404B0 /* Resources */,
			);
			buildRules = (
			);
			dependencies = (
				3B643BD81B31EF5A00E404B0 /* PBXTargetDependency */,
			);
			name = IoT_MagicMoments.temp_caseinsensitive_renameTests;
			productName = Iot_MagicMomentsTests;
			productReference = 3B643BD61B31EF5A00E404B0 /* IoT_MagicMoments.temp_caseinsensitive_renameTests.xctest */;
			productType = "com.apple.product-type.bundle.unit-test";
		};
/* End PBXNativeTarget section */

/* Begin PBXProject section */
		3B643BB21B31EF5A00E404B0 /* Project object */ = {
			isa = PBXProject;
			attributes = {
				LastUpgradeCheck = 0630;
				ORGANIZATIONNAME = "Lopez Negrete Communications";
				TargetAttributes = {
					3B643BB91B31EF5A00E404B0 = {
						CreatedOnToolsVersion = 6.3.2;
					};
					3B643BD51B31EF5A00E404B0 = {
						CreatedOnToolsVersion = 6.3.2;
						TestTargetID = 3B643BB91B31EF5A00E404B0;
					};
				};
			};
			buildConfigurationList = 3B643BB51B31EF5A00E404B0 /* Build configuration list for PBXProject "IoT_MagicMoments" */;
			compatibilityVersion = "Xcode 3.2";
			developmentRegion = English;
			hasScannedForEncodings = 0;
			knownRegions = (
				en,
				Base,
			);
			mainGroup = 3B643BB11B31EF5A00E404B0;
			productRefGroup = 3B643BBB1B31EF5A00E404B0 /* Products */;
			projectDirPath = "";
			projectRoot = "";
			targets = (
				3B643BB91B31EF5A00E404B0 /* IoT_MagicMoments.temp_caseinsensitive_rename */,
				3B643BD51B31EF5A00E404B0 /* IoT_MagicMoments.temp_caseinsensitive_renameTests */,
			);
		};
/* End PBXProject section */

/* Begin PBXResourcesBuildPhase section */
		3B643BB81B31EF5A00E404B0 /* Resources */ = {
			isa = PBXResourcesBuildPhase;
			buildActionMask = 2147483647;
			files = (
				3B643BCC1B31EF5A00E404B0 /* Main.storyboard in Resources */,
				3B643BD11B31EF5A00E404B0 /* LaunchScreen.xib in Resources */,
				3B643BCE1B31EF5A00E404B0 /* Images.xcassets in Resources */,
			);
			runOnlyForDeploymentPostprocessing = 0;
		};
		3B643BD41B31EF5A00E404B0 /* Resources */ = {
			isa = PBXResourcesBuildPhase;
			buildActionMask = 2147483647;
			files = (
			);
			runOnlyForDeploymentPostprocessing = 0;
		};
/* End PBXResourcesBuildPhase section */

/* Begin PBXShellScriptBuildPhase section */
		4C5FD0BD8A17CA38D42F3D4D /* Check Pods Manifest.lock */ = {
			isa = PBXShellScriptBuildPhase;
			buildActionMask = 2147483647;
			files = (
			);
			inputPaths = (
			);
			name = "Check Pods Manifest.lock";
			outputPaths = (
			);
			runOnlyForDeploymentPostprocessing = 0;
			shellPath = /bin/sh;
			shellScript = "diff \"${PODS_ROOT}/../Podfile.lock\" \"${PODS_ROOT}/Manifest.lock\" > /dev/null\nif [[ $? != 0 ]] ; then\n    cat << EOM\nerror: The sandbox is not in sync with the Podfile.lock. Run 'pod install' or update your CocoaPods installation.\nEOM\n    exit 1\nfi\n";
			showEnvVarsInLog = 0;
		};
		8523DC009B53FD4BD2BC7E00 /* Copy Pods Resources */ = {
			isa = PBXShellScriptBuildPhase;
			buildActionMask = 2147483647;
			files = (
			);
			inputPaths = (
			);
			name = "Copy Pods Resources";
			outputPaths = (
			);
			runOnlyForDeploymentPostprocessing = 0;
			shellPath = /bin/sh;
			shellScript = "\"${SRCROOT}/Pods/Target Support Files/Pods/Pods-resources.sh\"\n";
			showEnvVarsInLog = 0;
		};
/* End PBXShellScriptBuildPhase section */

/* Begin PBXSourcesBuildPhase section */
		3B643BB61B31EF5A00E404B0 /* Sources */ = {
			isa = PBXSourcesBuildPhase;
			buildActionMask = 2147483647;
			files = (
				3B643BC31B31EF5A00E404B0 /* AppDelegate.m in Sources */,
				3B643BC61B31EF5A00E404B0 /* MasterViewController.m in Sources */,
				3B643BC01B31EF5A00E404B0 /* main.m in Sources */,
				3B643BC91B31EF5A00E404B0 /* DetailViewController.m in Sources */,
			);
			runOnlyForDeploymentPostprocessing = 0;
		};
		3B643BD21B31EF5A00E404B0 /* Sources */ = {
			isa = PBXSourcesBuildPhase;
			buildActionMask = 2147483647;
			files = (
				3B643BDD1B31EF5A00E404B0 /* Iot_MagicMomentsTests.m in Sources */,
			);
			runOnlyForDeploymentPostprocessing = 0;
		};
/* End PBXSourcesBuildPhase section */

/* Begin PBXTargetDependency section */
		3B643BD81B31EF5A00E404B0 /* PBXTargetDependency */ = {
			isa = PBXTargetDependency;
			target = 3B643BB91B31EF5A00E404B0 /* IoT_MagicMoments.temp_caseinsensitive_rename */;
			targetProxy = 3B643BD71B31EF5A00E404B0 /* PBXContainerItemProxy */;
		};
/* End PBXTargetDependency section */

/* Begin PBXVariantGroup section */
		3B643BCA1B31EF5A00E404B0 /* Main.storyboard */ = {
			isa = PBXVariantGroup;
			children = (
				3B643BCB1B31EF5A00E404B0 /* Base */,
			);
			name = Main.storyboard;
			sourceTree = "<group>";
		};
		3B643BCF1B31EF5A00E404B0 /* LaunchScreen.xib */ = {
			isa = PBXVariantGroup;
			children = (
				3B643BD01B31EF5A00E404B0 /* Base */,
			);
			name = LaunchScreen.xib;
			sourceTree = "<group>";
		};
/* End PBXVariantGroup section */

/* Begin XCBuildConfiguration section */
		3B643BDE1B31EF5A00E404B0 /* Debug */ = {
			isa = XCBuildConfiguration;
			buildSettings = {
				ALWAYS_SEARCH_USER_PATHS = NO;
				CLANG_CXX_LANGUAGE_STANDARD = "gnu++0x";
				CLANG_CXX_LIBRARY = "libc++";
				CLANG_ENABLE_MODULES = YES;
				CLANG_ENABLE_OBJC_ARC = YES;
				CLANG_WARN_BOOL_CONVERSION = YES;
				CLANG_WARN_CONSTANT_CONVERSION = YES;
				CLANG_WARN_DIRECT_OBJC_ISA_USAGE = YES_ERROR;
				CLANG_WARN_EMPTY_BODY = YES;
				CLANG_WARN_ENUM_CONVERSION = YES;
				CLANG_WARN_INT_CONVERSION = YES;
				CLANG_WARN_OBJC_ROOT_CLASS = YES_ERROR;
				CLANG_WARN_UNREACHABLE_CODE = YES;
				CLANG_WARN__DUPLICATE_METHOD_MATCH = YES;
				"CODE_SIGN_IDENTITY[sdk=iphoneos*]" = "iPhone Developer";
				COPY_PHASE_STRIP = NO;
				DEBUG_INFORMATION_FORMAT = "dwarf-with-dsym";
				ENABLE_STRICT_OBJC_MSGSEND = YES;
				GCC_C_LANGUAGE_STANDARD = gnu99;
				GCC_DYNAMIC_NO_PIC = NO;
				GCC_NO_COMMON_BLOCKS = YES;
				GCC_OPTIMIZATION_LEVEL = 0;
				GCC_PREPROCESSOR_DEFINITIONS = (
					"DEBUG=1",
					"$(inherited)",
				);
				GCC_SYMBOLS_PRIVATE_EXTERN = NO;
				GCC_WARN_64_TO_32_BIT_CONVERSION = YES;
				GCC_WARN_ABOUT_RETURN_TYPE = YES_ERROR;
				GCC_WARN_UNDECLARED_SELECTOR = YES;
				GCC_WARN_UNINITIALIZED_AUTOS = YES_AGGRESSIVE;
				GCC_WARN_UNUSED_FUNCTION = YES;
				GCC_WARN_UNUSED_VARIABLE = YES;
				IPHONEOS_DEPLOYMENT_TARGET = 8.3;
				MTL_ENABLE_DEBUG_INFO = YES;
				ONLY_ACTIVE_ARCH = YES;
				SDKROOT = iphoneos;
				TARGETED_DEVICE_FAMILY = "1,2";
			};
			name = Debug;
		};
		3B643BDF1B31EF5A00E404B0 /* Release */ = {
			isa = XCBuildConfiguration;
			buildSettings = {
				ALWAYS_SEARCH_USER_PATHS = NO;
				CLANG_CXX_LANGUAGE_STANDARD = "gnu++0x";
				CLANG_CXX_LIBRARY = "libc++";
				CLANG_ENABLE_MODULES = YES;
				CLANG_ENABLE_OBJC_ARC = YES;
				CLANG_WARN_BOOL_CONVERSION = YES;
				CLANG_WARN_CONSTANT_CONVERSION = YES;
				CLANG_WARN_DIRECT_OBJC_ISA_USAGE = YES_ERROR;
				CLANG_WARN_EMPTY_BODY = YES;
				CLANG_WARN_ENUM_CONVERSION = YES;
				CLANG_WARN_INT_CONVERSION = YES;
				CLANG_WARN_OBJC_ROOT_CLASS = YES_ERROR;
				CLANG_WARN_UNREACHABLE_CODE = YES;
				CLANG_WARN__DUPLICATE_METHOD_MATCH = YES;
				"CODE_SIGN_IDENTITY[sdk=iphoneos*]" = "iPhone Developer";
				COPY_PHASE_STRIP = NO;
				DEBUG_INFORMATION_FORMAT = "dwarf-with-dsym";
				ENABLE_NS_ASSERTIONS = NO;
				ENABLE_STRICT_OBJC_MSGSEND = YES;
				GCC_C_LANGUAGE_STANDARD = gnu99;
				GCC_NO_COMMON_BLOCKS = YES;
				GCC_WARN_64_TO_32_BIT_CONVERSION = YES;
				GCC_WARN_ABOUT_RETURN_TYPE = YES_ERROR;
				GCC_WARN_UNDECLARED_SELECTOR = YES;
				GCC_WARN_UNINITIALIZED_AUTOS = YES_AGGRESSIVE;
				GCC_WARN_UNUSED_FUNCTION = YES;
				GCC_WARN_UNUSED_VARIABLE = YES;
				IPHONEOS_DEPLOYMENT_TARGET = 8.3;
				MTL_ENABLE_DEBUG_INFO = NO;
				SDKROOT = iphoneos;
				TARGETED_DEVICE_FAMILY = "1,2";
				VALIDATE_PRODUCT = YES;
			};
			name = Release;
		};
		3B643BE11B31EF5A00E404B0 /* Debug */ = {
			isa = XCBuildConfiguration;
			baseConfigurationReference = 585473248B56B6BD3846E367 /* Pods.debug.xcconfig */;
			buildSettings = {
				ASSETCATALOG_COMPILER_APPICON_NAME = AppIcon;
				HEADER_SEARCH_PATHS = (
					"$(inherited)",
					"\"$(BUILT_PRODUCTS_DIR)/../../Headers\"",
					"\"${PODS_ROOT}/Headers/Public\"",
					"\"${PODS_ROOT}/Headers/Public/AFNetworking\"",
					"\"${PODS_ROOT}/Headers/Public/RestKit\"",
					"\"${PODS_ROOT}/Headers/Public/RestKit/RestKit\"",
					"\"${PODS_ROOT}/Headers/Public/RestKit/RestKit/CoreData\"",
					"\"${PODS_ROOT}/Headers/Public/RestKit/RestKit/Network\"",
					"\"${PODS_ROOT}/Headers/Public/RestKit/RestKit/ObjectMapping\"",
					"\"${PODS_ROOT}/Headers/Public/RestKit/RestKit/Support\"",
					"\"${PODS_ROOT}/Headers/Public/SOCKit\"",
					"\"${PODS_ROOT}/Headers/Public/TransitionKit\"",
				);
				INFOPLIST_FILE = Iot_MagicMoments/Info.plist;
				LD_RUNPATH_SEARCH_PATHS = "$(inherited) @executable_path/Frameworks";
				LIBRARY_SEARCH_PATHS = (
					"$(inherited)",
					"$(PROJECT_DIR)/build/Debug-iphoneos",
				);
				PRODUCT_NAME = IoT_MagicMoments.temp_caseinsensitive_rename;
			};
			name = Debug;
		};
		3B643BE21B31EF5A00E404B0 /* Release */ = {
			isa = XCBuildConfiguration;
			baseConfigurationReference = DC4CE9B71EE46705D2A98D16 /* Pods.release.xcconfig */;
			buildSettings = {
				ASSETCATALOG_COMPILER_APPICON_NAME = AppIcon;
				HEADER_SEARCH_PATHS = (
					"$(inherited)",
					"\"$(BUILT_PRODUCTS_DIR)/../../Headers\"",
					"\"${PODS_ROOT}/Headers/Public\"",
					"\"${PODS_ROOT}/Headers/Public/AFNetworking\"",
					"\"${PODS_ROOT}/Headers/Public/RestKit\"",
					"\"${PODS_ROOT}/Headers/Public/RestKit/RestKit\"",
					"\"${PODS_ROOT}/Headers/Public/RestKit/RestKit/CoreData\"",
					"\"${PODS_ROOT}/Headers/Public/RestKit/RestKit/Network\"",
					"\"${PODS_ROOT}/Headers/Public/RestKit/RestKit/ObjectMapping\"",
					"\"${PODS_ROOT}/Headers/Public/RestKit/RestKit/Support\"",
					"\"${PODS_ROOT}/Headers/Public/SOCKit\"",
					"\"${PODS_ROOT}/Headers/Public/TransitionKit\"",
				);
				INFOPLIST_FILE = Iot_MagicMoments/Info.plist;
				LD_RUNPATH_SEARCH_PATHS = "$(inherited) @executable_path/Frameworks";
				LIBRARY_SEARCH_PATHS = (
					"$(inherited)",
					"$(PROJECT_DIR)/build/Debug-iphoneos",
				);
				PRODUCT_NAME = IoT_MagicMoments.temp_caseinsensitive_rename;
			};
			name = Release;
		};
		3B643BE41B31EF5A00E404B0 /* Debug */ = {
			isa = XCBuildConfiguration;
			buildSettings = {
				BUNDLE_LOADER = "$(TEST_HOST)";
				FRAMEWORK_SEARCH_PATHS = (
					"$(SDKROOT)/Developer/Library/Frameworks",
					"$(inherited)",
				);
				GCC_PREPROCESSOR_DEFINITIONS = (
					"DEBUG=1",
					"$(inherited)",
				);
				INFOPLIST_FILE = Iot_MagicMomentsTests/Info.plist;
				LD_RUNPATH_SEARCH_PATHS = "$(inherited) @executable_path/Frameworks @loader_path/Frameworks";
				PRODUCT_NAME = IoT_MagicMoments.temp_caseinsensitive_renameTests;
				TEST_HOST = "$(BUILT_PRODUCTS_DIR)/Iot_MagicMoments.app/Iot_MagicMoments";
			};
			name = Debug;
		};
		3B643BE51B31EF5A00E404B0 /* Release */ = {
			isa = XCBuildConfiguration;
			buildSettings = {
				BUNDLE_LOADER = "$(TEST_HOST)";
				FRAMEWORK_SEARCH_PATHS = (
					"$(SDKROOT)/Developer/Library/Frameworks",
					"$(inherited)",
				);
				INFOPLIST_FILE = Iot_MagicMomentsTests/Info.plist;
				LD_RUNPATH_SEARCH_PATHS = "$(inherited) @executable_path/Frameworks @loader_path/Frameworks";
				PRODUCT_NAME = IoT_MagicMoments.temp_caseinsensitive_renameTests;
				TEST_HOST = "$(BUILT_PRODUCTS_DIR)/Iot_MagicMoments.app/Iot_MagicMoments";
			};
			name = Release;
		};
/* End XCBuildConfiguration section */

/* Begin XCConfigurationList section */
		3B643BB51B31EF5A00E404B0 /* Build configuration list for PBXProject "IoT_MagicMoments" */ = {
			isa = XCConfigurationList;
			buildConfigurations = (
				3B643BDE1B31EF5A00E404B0 /* Debug */,
				3B643BDF1B31EF5A00E404B0 /* Release */,
			);
			defaultConfigurationIsVisible = 0;
			defaultConfigurationName = Release;
		};
		3B643BE01B31EF5A00E404B0 /* Build configuration list for PBXNativeTarget "IoT_MagicMoments.temp_caseinsensitive_rename" */ = {
			isa = XCConfigurationList;
			buildConfigurations = (
				3B643BE11B31EF5A00E404B0 /* Debug */,
				3B643BE21B31EF5A00E404B0 /* Release */,
			);
			defaultConfigurationIsVisible = 0;
			defaultConfigurationName = Release;
		};
		3B643BE31B31EF5A00E404B0 /* Build configuration list for PBXNativeTarget "IoT_MagicMoments.temp_caseinsensitive_renameTests" */ = {
			isa = XCConfigurationList;
			buildConfigurations = (
				3B643BE41B31EF5A00E404B0 /* Debug */,
				3B643BE51B31EF5A00E404B0 /* Release */,
			);
			defaultConfigurationIsVisible = 0;
			defaultConfigurationName = Release;
		};
/* End XCConfigurationList section */
	};
	rootObject = 3B643BB21B31EF5A00E404B0 /* Project object */;
}
